
Microsoft Visual Studio Solution File, Format Version 12.00
# Visual Studio Version 16
VisualStudioVersion = 16.0.31005.135
MinimumVisualStudioVersion = 10.0.40219.1
Project("{8BC9CEB8-8B4A-11D0-8D11-00A0C91BC942}") = "RemoteCtrl", "RemoteCtrl\RemoteCtrl.vcxproj", "{B214AD76-2325-4A58-BB3E-A56F75DA28F0}"
EndProject
Project("{8BC9CEB8-8B4A-11D0-8D11-00A0C91BC942}") = "RemoteClient", "RemoteClient\RemoteClient.vcxproj", "{F82B2E84-CAE1-4FAE-A8CD-AAAD8327EA72}"
EndProject
Global
	GlobalSection(SolutionConfigurationPlatforms) = preSolution
		Debug|x64 = Debug|x64
		Debug|x86 = Debug|x86
		Release|x64 = Release|x64
		Release|x86 = Release|x86
	EndGlobalSection
	GlobalSection(ProjectConfigurationPlatforms) = postSolution
		{B214AD76-2325-4A58-BB3E-A56F75DA28F0}.Debug|x64.ActiveCfg = Debug|x64
		{B214AD76-2325-4A58-BB3E-A56F75DA28F0}.Debug|x64.Build.0 = Debug|x64
		{B214AD76-2325-4A58-BB3E-A56F75DA28F0}.Debug|x86.ActiveCfg = Debug|Win32
		{B214AD76-2325-4A58-BB3E-A56F75DA28F0}.Debug|x86.Build.0 = Debug|Win32
		{B214AD76-2325-4A58-BB3E-A56F75DA28F0}.Release|x64.ActiveCfg = Release|x64
		{B214AD76-2325-4A58-BB3E-A56F75DA28F0}.Release|x64.Build.0 = Release|x64
		{B214AD76-2325-4A58-BB3E-A56F75DA28F0}.Release|x86.ActiveCfg = Release|Win32
		{B214AD76-2325-4A58-BB3E-A56F75DA28F0}.Release|x86.Build.0 = Release|Win32
		{F82B2E84-CAE1-4FAE-A8CD-AAAD8327EA72}.Debug|x64.ActiveCfg = Debug|x64
		{F82B2E84-CAE1-4FAE-A8CD-AAAD8327EA72}.Debug|x64.Build.0 = Debug|x64
		{F82B2E84-CAE1-4FAE-A8CD-AAAD8327EA72}.Debug|x86.ActiveCfg = Debug|Win32
		{F82B2E84-CAE1-4FAE-A8CD-AAAD8327EA72}.Debug|x86.Build.0 = Debug|Win32
		{F82B2E84-CAE1-4FAE-A8CD-AAAD8327EA72}.Release|x64.ActiveCfg = Release|x64
		{F82B2E84-CAE1-4FAE-A8CD-AAAD8327EA72}.Release|x64.Build.0 = Release|x64
		{F82B2E84-CAE1-4FAE-A8CD-AAAD8327EA72}.Release|x86.ActiveCfg = Release|Win32
		{F82B2E84-CAE1-4FAE-A8CD-AAAD8327EA72}.Release|x86.Build.0 = Release|Win32
	EndGlobalSection
	GlobalSection(SolutionProperties) = preSolution
		HideSolutionNode = FALSE
	EndGlobalSection
	GlobalSection(ExtensibilityGlobals) = postSolution
		SolutionGuid = {62190D05-C1CC-42D9-BF7C-EE0A7F0DEF0B}
	EndGlobalSection
EndGlobal
